{
    "nebulaRecommenderBom": {
        "netflix.bom:bdc-recommendations": {
            "locked": "0.0.22",
            "requested": "latest.release"
        },
        "netflix.bom:runtime-platform-recommendations": {
            "locked": "4.7.86",
            "requested": "latest.release"
        }
    },
    "repositoryContentDescriptorMavenModules": {
        "netflix.nebula.repositorycontent:repository-content-descriptor-maven-modules": {
            "locked": "0.6.0"
        }
    },
    "resolutionRules": {
        "com.netflix.nebula:gradle-resolution-rules": {
            "locked": "0.60.0",
            "requested": "latest.release"
        },
        "netflix.nebula.resolutionrules:resolution-rules": {
            "locked": "0.147.0",
            "requested": "latest.release"
        }
    }
}