{
    "annotationProcessor": {
        "org.projectlombok:lombok": {
            "locked": "1.18.6"
        }
    },
    "compile": {
        "com.github.stephenc.findbugs:findbugs-annotations": {
            "locked": "1.3.9-1",
            "requested": "1.3.9-1"
        },
        "com.google.errorprone:error_prone_annotations": {
            "locked": "2.3.2",
            "transitive": [
                "com.google.guava:guava"
            ]
        },
        "com.google.guava:failureaccess": {
            "locked": "1.0.1",
            "transitive": [
                "com.google.guava:guava"
            ]
        },
        "com.google.guava:guava": {
            "locked": "28.0-jre"
        },
        "com.google.guava:listenablefuture": {
            "locked": "9999.0-empty-to-avoid-conflict-with-guava",
            "transitive": [
                "com.google.guava:guava"
            ]
        },
        "com.google.j2objc:j2objc-annotations": {
            "locked": "1.3",
            "transitive": [
                "com.google.guava:guava"
            ]
        },
        "org.checkerframework:checker-qual": {
            "locked": "2.8.1",
            "transitive": [
                "com.google.guava:guava"
            ]
        },
        "org.codehaus.mojo:animal-sniffer-annotations": {
            "locked": "1.17",
            "transitive": [
                "com.google.guava:guava"
            ]
        },
        "org.slf4j:slf4j-api": {
            "locked": "1.7.25"
        }
    },
    "compileClasspath": {
        "com.github.stephenc.findbugs:findbugs-annotations": {
            "locked": "1.3.9-1",
            "requested": "1.3.9-1"
        },
        "com.google.errorprone:error_prone_annotations": {
            "locked": "2.3.2",
            "transitive": [
                "com.google.guava:guava"
            ]
        },
        "com.google.guava:failureaccess": {
            "locked": "1.0.1",
            "transitive": [
                "com.google.guava:guava"
            ]
        },
        "com.google.guava:guava": {
            "locked": "28.0-jre"
        },
        "com.google.guava:listenablefuture": {
            "locked": "9999.0-empty-to-avoid-conflict-with-guava",
            "transitive": [
                "com.google.guava:guava"
            ]
        },
        "com.google.j2objc:j2objc-annotations": {
            "locked": "1.3",
            "transitive": [
                "com.google.guava:guava"
            ]
        },
        "org.checkerframework:checker-qual": {
            "locked": "2.8.1",
            "transitive": [
                "com.google.guava:guava"
            ]
        },
        "org.codehaus.mojo:animal-sniffer-annotations": {
            "locked": "1.17",
            "transitive": [
                "com.google.guava:guava"
            ]
        },
        "org.projectlombok:lombok": {
            "locked": "1.18.6"
        },
        "org.slf4j:slf4j-api": {
            "locked": "1.7.25"
        }
    },
    "compileOnly": {
        "org.projectlombok:lombok": {
            "locked": "1.18.6",
            "requested": "1.18.6"
        }
    },
    "default": {
        "com.github.stephenc.findbugs:findbugs-annotations": {
            "locked": "1.3.9-1",
            "requested": "1.3.9-1"
        },
        "com.google.errorprone:error_prone_annotations": {
            "locked": "2.3.2",
            "transitive": [
                "com.google.guava:guava"
            ]
        },
        "com.google.guava:failureaccess": {
            "locked": "1.0.1",
            "transitive": [
                "com.google.guava:guava"
            ]
        },
        "com.google.guava:guava": {
            "locked": "28.0-jre"
        },
        "com.google.guava:listenablefuture": {
            "locked": "9999.0-empty-to-avoid-conflict-with-guava",
            "transitive": [
                "com.google.guava:guava"
            ]
        },
        "com.google.j2objc:j2objc-annotations": {
            "locked": "1.3",
            "transitive": [
                "com.google.guava:guava"
            ]
        },
        "org.checkerframework:checker-qual": {
            "locked": "2.8.1",
            "transitive": [
                "com.google.guava:guava"
            ]
        },
        "org.codehaus.mojo:animal-sniffer-annotations": {
            "locked": "1.17",
            "transitive": [
                "com.google.guava:guava"
            ]
        },
        "org.slf4j:slf4j-api": {
            "locked": "1.7.25"
        }
    },
    "repositoryContentDescriptorMavenModules": {
        "netflix.nebula.repositorycontent:repository-content-descriptor-maven-modules": {
            "locked": "0.6.0"
        }
    },
    "runtime": {
        "com.github.stephenc.findbugs:findbugs-annotations": {
            "locked": "1.3.9-1",
            "requested": "1.3.9-1"
        },
        "com.google.errorprone:error_prone_annotations": {
            "locked": "2.3.2",
            "transitive": [
                "com.google.guava:guava"
            ]
        },
        "com.google.guava:failureaccess": {
            "locked": "1.0.1",
            "transitive": [
                "com.google.guava:guava"
            ]
        },
        "com.google.guava:guava": {
            "locked": "28.0-jre"
        },
        "com.google.guava:listenablefuture": {
            "locked": "9999.0-empty-to-avoid-conflict-with-guava",
            "transitive": [
                "com.google.guava:guava"
            ]
        },
        "com.google.j2objc:j2objc-annotations": {
            "locked": "1.3",
            "transitive": [
                "com.google.guava:guava"
            ]
        },
        "org.checkerframework:checker-qual": {
            "locked": "2.8.1",
            "transitive": [
                "com.google.guava:guava"
            ]
        },
        "org.codehaus.mojo:animal-sniffer-annotations": {
            "locked": "1.17",
            "transitive": [
                "com.google.guava:guava"
            ]
        },
        "org.slf4j:slf4j-api": {
            "locked": "1.7.25"
        }
    },
    "runtimeClasspath": {
        "com.github.stephenc.findbugs:findbugs-annotations": {
            "locked": "1.3.9-1",
            "requested": "1.3.9-1"
        },
        "com.google.errorprone:error_prone_annotations": {
            "locked": "2.3.2",
            "transitive": [
                "com.google.guava:guava"
            ]
        },
        "com.google.guava:failureaccess": {
            "locked": "1.0.1",
            "transitive": [
                "com.google.guava:guava"
            ]
        },
        "com.google.guava:guava": {
            "locked": "28.0-jre"
        },
        "com.google.guava:listenablefuture": {
            "locked": "9999.0-empty-to-avoid-conflict-with-guava",
            "transitive": [
                "com.google.guava:guava"
            ]
        },
        "com.google.j2objc:j2objc-annotations": {
            "locked": "1.3",
            "transitive": [
                "com.google.guava:guava"
            ]
        },
        "org.checkerframework:checker-qual": {
            "locked": "2.8.1",
            "transitive": [
                "com.google.guava:guava"
            ]
        },
        "org.codehaus.mojo:animal-sniffer-annotations": {
            "locked": "1.17",
            "transitive": [
                "com.google.guava:guava"
            ]
        },
        "org.slf4j:slf4j-api": {
            "locked": "1.7.25"
        }
    },
    "testAnnotationProcessor": {
        "org.projectlombok:lombok": {
            "locked": "1.18.6"
        }
    },
    "testCompile": {
        "com.codahale.metrics:metrics-core": {
            "locked": "3.0.1"
        },
        "com.github.stephenc.findbugs:findbugs-annotations": {
            "locked": "1.3.9-1",
            "requested": "1.3.9-1"
        },
        "com.google.errorprone:error_prone_annotations": {
            "locked": "2.3.2",
            "transitive": [
                "com.google.guava:guava"
            ]
        },
        "com.google.guava:failureaccess": {
            "locked": "1.0.1",
            "transitive": [
                "com.google.guava:guava"
            ]
        },
        "com.google.guava:guava": {
            "locked": "28.0-jre"
        },
        "com.google.guava:listenablefuture": {
            "locked": "9999.0-empty-to-avoid-conflict-with-guava",
            "transitive": [
                "com.google.guava:guava"
            ]
        },
        "com.google.j2objc:j2objc-annotations": {
            "locked": "1.3",
            "transitive": [
                "com.google.guava:guava"
            ]
        },
        "com.thoughtworks.paranamer:paranamer": {
            "locked": "2.7",
            "transitive": [
                "org.apache.avro:avro"
            ]
        },
        "joda-time:joda-time": {
            "locked": "2.9.9"
        },
        "junit:junit": {
            "locked": "4.12"
        },
        "org.apache.avro:avro": {
            "locked": "1.8.2"
        },
        "org.apache.commons:commons-compress": {
            "locked": "1.8.1",
            "transitive": [
                "org.apache.avro:avro"
            ]
        },
        "org.checkerframework:checker-qual": {
            "locked": "2.8.1",
            "transitive": [
                "com.google.guava:guava"
            ]
        },
        "org.codehaus.jackson:jackson-core-asl": {
            "locked": "1.9.13",
            "transitive": [
                "org.apache.avro:avro",
                "org.codehaus.jackson:jackson-mapper-asl"
            ]
        },
        "org.codehaus.jackson:jackson-mapper-asl": {
            "locked": "1.9.13",
            "transitive": [
                "org.apache.avro:avro"
            ]
        },
        "org.codehaus.mojo:animal-sniffer-annotations": {
            "locked": "1.17",
            "transitive": [
                "com.google.guava:guava"
            ]
        },
        "org.hamcrest:hamcrest-core": {
            "locked": "1.3",
            "transitive": [
                "junit:junit",
                "org.mockito:mockito-core"
            ]
        },
        "org.mockito:mockito-core": {
            "locked": "1.10.19"
        },
        "org.objenesis:objenesis": {
            "locked": "2.1",
            "transitive": [
                "org.mockito:mockito-core"
            ]
        },
        "org.projectlombok:lombok": {
            "locked": "1.18.6",
            "requested": "1.18.6"
        },
        "org.slf4j:slf4j-api": {
            "locked": "1.7.25",
            "transitive": [
                "com.codahale.metrics:metrics-core",
                "org.apache.avro:avro",
                "org.slf4j:slf4j-simple"
            ]
        },
        "org.slf4j:slf4j-simple": {
            "locked": "1.7.25"
        },
        "org.tukaani:xz": {
            "locked": "1.5",
            "transitive": [
                "org.apache.avro:avro"
            ]
        },
        "org.xerial.snappy:snappy-java": {
            "locked": "1.1.1.3",
            "transitive": [
                "org.apache.avro:avro"
            ]
        }
    },
    "testCompileClasspath": {
        "com.codahale.metrics:metrics-core": {
            "locked": "3.0.1"
        },
        "com.github.stephenc.findbugs:findbugs-annotations": {
            "locked": "1.3.9-1",
            "requested": "1.3.9-1"
        },
        "com.google.errorprone:error_prone_annotations": {
            "locked": "2.3.2",
            "transitive": [
                "com.google.guava:guava"
            ]
        },
        "com.google.guava:failureaccess": {
            "locked": "1.0.1",
            "transitive": [
                "com.google.guava:guava"
            ]
        },
        "com.google.guava:guava": {
            "locked": "28.0-jre"
        },
        "com.google.guava:listenablefuture": {
            "locked": "9999.0-empty-to-avoid-conflict-with-guava",
            "transitive": [
                "com.google.guava:guava"
            ]
        },
        "com.google.j2objc:j2objc-annotations": {
            "locked": "1.3",
            "transitive": [
                "com.google.guava:guava"
            ]
        },
        "com.thoughtworks.paranamer:paranamer": {
            "locked": "2.7",
            "transitive": [
                "org.apache.avro:avro"
            ]
        },
        "joda-time:joda-time": {
            "locked": "2.9.9"
        },
        "junit:junit": {
            "locked": "4.12"
        },
        "org.apache.avro:avro": {
            "locked": "1.8.2"
        },
        "org.apache.commons:commons-compress": {
            "locked": "1.8.1",
            "transitive": [
                "org.apache.avro:avro"
            ]
        },
        "org.checkerframework:checker-qual": {
            "locked": "2.8.1",
            "transitive": [
                "com.google.guava:guava"
            ]
        },
        "org.codehaus.jackson:jackson-core-asl": {
            "locked": "1.9.13",
            "transitive": [
                "org.apache.avro:avro",
                "org.codehaus.jackson:jackson-mapper-asl"
            ]
        },
        "org.codehaus.jackson:jackson-mapper-asl": {
            "locked": "1.9.13",
            "transitive": [
                "org.apache.avro:avro"
            ]
        },
        "org.codehaus.mojo:animal-sniffer-annotations": {
            "locked": "1.17",
            "transitive": [
                "com.google.guava:guava"
            ]
        },
        "org.hamcrest:hamcrest-core": {
            "locked": "1.3",
            "transitive": [
                "junit:junit"
            ]
        },
        "org.mockito:mockito-core": {
            "locked": "1.10.19"
        },
        "org.projectlombok:lombok": {
            "locked": "1.18.6",
            "requested": "1.18.6"
        },
        "org.slf4j:slf4j-api": {
            "locked": "1.7.25",
            "transitive": [
                "com.codahale.metrics:metrics-core",
                "org.apache.avro:avro",
                "org.slf4j:slf4j-simple"
            ]
        },
        "org.slf4j:slf4j-simple": {
            "locked": "1.7.25"
        },
        "org.tukaani:xz": {
            "locked": "1.5",
            "transitive": [
                "org.apache.avro:avro"
            ]
        },
        "org.xerial.snappy:snappy-java": {
            "locked": "1.1.1.3",
            "transitive": [
                "org.apache.avro:avro"
            ]
        }
    },
    "testCompileOnly": {
        "org.projectlombok:lombok": {
            "locked": "1.18.6",
            "requested": "1.18.6"
        }
    },
    "testRuntime": {
        "com.codahale.metrics:metrics-core": {
            "locked": "3.0.1"
        },
        "com.github.stephenc.findbugs:findbugs-annotations": {
            "locked": "1.3.9-1",
            "requested": "1.3.9-1"
        },
        "com.google.errorprone:error_prone_annotations": {
            "locked": "2.3.2",
            "transitive": [
                "com.google.guava:guava"
            ]
        },
        "com.google.guava:failureaccess": {
            "locked": "1.0.1",
            "transitive": [
                "com.google.guava:guava"
            ]
        },
        "com.google.guava:guava": {
            "locked": "28.0-jre"
        },
        "com.google.guava:listenablefuture": {
            "locked": "9999.0-empty-to-avoid-conflict-with-guava",
            "transitive": [
                "com.google.guava:guava"
            ]
        },
        "com.google.j2objc:j2objc-annotations": {
            "locked": "1.3",
            "transitive": [
                "com.google.guava:guava"
            ]
        },
        "com.thoughtworks.paranamer:paranamer": {
            "locked": "2.7",
            "transitive": [
                "org.apache.avro:avro"
            ]
        },
        "joda-time:joda-time": {
            "locked": "2.9.9"
        },
        "junit:junit": {
            "locked": "4.12"
        },
        "org.apache.avro:avro": {
            "locked": "1.8.2"
        },
        "org.apache.commons:commons-compress": {
            "locked": "1.8.1",
            "transitive": [
                "org.apache.avro:avro"
            ]
        },
        "org.checkerframework:checker-qual": {
            "locked": "2.8.1",
            "transitive": [
                "com.google.guava:guava"
            ]
        },
        "org.codehaus.jackson:jackson-core-asl": {
            "locked": "1.9.13",
            "transitive": [
                "org.apache.avro:avro",
                "org.codehaus.jackson:jackson-mapper-asl"
            ]
        },
        "org.codehaus.jackson:jackson-mapper-asl": {
            "locked": "1.9.13",
            "transitive": [
                "org.apache.avro:avro"
            ]
        },
        "org.codehaus.mojo:animal-sniffer-annotations": {
            "locked": "1.17",
            "transitive": [
                "com.google.guava:guava"
            ]
        },
        "org.hamcrest:hamcrest-core": {
            "locked": "1.3",
            "transitive": [
                "junit:junit",
                "org.mockito:mockito-core"
            ]
        },
        "org.mockito:mockito-core": {
            "locked": "1.10.19"
        },
        "org.objenesis:objenesis": {
            "locked": "2.1",
            "transitive": [
                "org.mockito:mockito-core"
            ]
        },
        "org.projectlombok:lombok": {
            "locked": "1.18.6",
            "requested": "1.18.6"
        },
        "org.slf4j:slf4j-api": {
            "locked": "1.7.25",
            "transitive": [
                "com.codahale.metrics:metrics-core",
                "org.apache.avro:avro",
                "org.slf4j:slf4j-simple"
            ]
        },
        "org.slf4j:slf4j-simple": {
            "locked": "1.7.25"
        },
        "org.tukaani:xz": {
            "locked": "1.5",
            "transitive": [
                "org.apache.avro:avro"
            ]
        },
        "org.xerial.snappy:snappy-java": {
            "locked": "1.1.1.3",
            "transitive": [
                "org.apache.avro:avro"
            ]
        }
    },
    "testRuntimeClasspath": {
        "com.codahale.metrics:metrics-core": {
            "locked": "3.0.1"
        },
        "com.github.stephenc.findbugs:findbugs-annotations": {
            "locked": "1.3.9-1",
            "requested": "1.3.9-1"
        },
        "com.google.errorprone:error_prone_annotations": {
            "locked": "2.3.2",
            "transitive": [
                "com.google.guava:guava"
            ]
        },
        "com.google.guava:failureaccess": {
            "locked": "1.0.1",
            "transitive": [
                "com.google.guava:guava"
            ]
        },
        "com.google.guava:guava": {
            "locked": "28.0-jre"
        },
        "com.google.guava:listenablefuture": {
            "locked": "9999.0-empty-to-avoid-conflict-with-guava",
            "transitive": [
                "com.google.guava:guava"
            ]
        },
        "com.google.j2objc:j2objc-annotations": {
            "locked": "1.3",
            "transitive": [
                "com.google.guava:guava"
            ]
        },
        "com.thoughtworks.paranamer:paranamer": {
            "locked": "2.7",
            "transitive": [
                "org.apache.avro:avro"
            ]
        },
        "joda-time:joda-time": {
            "locked": "2.9.9"
        },
        "junit:junit": {
            "locked": "4.12"
        },
        "org.apache.avro:avro": {
            "locked": "1.8.2"
        },
        "org.apache.commons:commons-compress": {
            "locked": "1.8.1",
            "transitive": [
                "org.apache.avro:avro"
            ]
        },
        "org.checkerframework:checker-qual": {
            "locked": "2.8.1",
            "transitive": [
                "com.google.guava:guava"
            ]
        },
        "org.codehaus.jackson:jackson-core-asl": {
            "locked": "1.9.13",
            "transitive": [
                "org.apache.avro:avro",
                "org.codehaus.jackson:jackson-mapper-asl"
            ]
        },
        "org.codehaus.jackson:jackson-mapper-asl": {
            "locked": "1.9.13",
            "transitive": [
                "org.apache.avro:avro"
            ]
        },
        "org.codehaus.mojo:animal-sniffer-annotations": {
            "locked": "1.17",
            "transitive": [
                "com.google.guava:guava"
            ]
        },
        "org.hamcrest:hamcrest-core": {
            "locked": "1.3",
            "transitive": [
                "junit:junit",
                "org.mockito:mockito-core"
            ]
        },
        "org.mockito:mockito-core": {
            "locked": "1.10.19"
        },
        "org.objenesis:objenesis": {
            "locked": "2.1",
            "transitive": [
                "org.mockito:mockito-core"
            ]
        },
        "org.projectlombok:lombok": {
            "locked": "1.18.6",
            "requested": "1.18.6"
        },
        "org.slf4j:slf4j-api": {
            "locked": "1.7.25",
            "transitive": [
                "com.codahale.metrics:metrics-core",
                "org.apache.avro:avro",
                "org.slf4j:slf4j-simple"
            ]
        },
        "org.slf4j:slf4j-simple": {
            "locked": "1.7.25"
        },
        "org.tukaani:xz": {
            "locked": "1.5",
            "transitive": [
                "org.apache.avro:avro"
            ]
        },
        "org.xerial.snappy:snappy-java": {
            "locked": "1.1.1.3",
            "transitive": [
                "org.apache.avro:avro"
            ]
        }
    }
}